
Microsoft Visual Studio Solution File, Format Version 12.00
# Visual Studio 14
VisualStudioVersion = 14.0.25420.1
MinimumVisualStudioVersion = 10.0.40219.1
Project("{FAE04EC0-301F-11D3-BF4B-00C04F79EFBC}") = "CheckChanges", "CheckChanges\CheckChanges.csproj", "{F5167D31-6D62-4480-98C1-2D8909E480AF}"
EndProject
Project("{FAE04EC0-301F-11D3-BF4B-00C04F79EFBC}") = "PdfFileUpdater", "PdfFileUpdater\PdfFileUpdater.csproj", "{45329F93-CD9B-45BF-9968-1E8D8FA89B4B}"
EndProject
Global
	GlobalSection(SolutionConfigurationPlatforms) = preSolution
		Debug|Any CPU = Debug|Any CPU
		Release|Any CPU = Release|Any CPU
	EndGlobalSection
	GlobalSection(ProjectConfigurationPlatforms) = postSolution
		{F5167D31-6D62-4480-98C1-2D8909E480AF}.Debug|Any CPU.ActiveCfg = Debug|Any CPU
		{F5167D31-6D62-4480-98C1-2D8909E480AF}.Debug|Any CPU.Build.0 = Debug|Any CPU
		{F5167D31-6D62-4480-98C1-2D8909E480AF}.Release|Any CPU.ActiveCfg = Release|Any CPU
		{F5167D31-6D62-4480-98C1-2D8909E480AF}.Release|Any CPU.Build.0 = Release|Any CPU
		{45329F93-CD9B-45BF-9968-1E8D8FA89B4B}.Debug|Any CPU.ActiveCfg = Debug|Any CPU
		{45329F93-CD9B-45BF-9968-1E8D8FA89B4B}.Debug|Any CPU.Build.0 = Debug|Any CPU
		{45329F93-CD9B-45BF-9968-1E8D8FA89B4B}.Release|Any CPU.ActiveCfg = Release|Any CPU
		{45329F93-CD9B-45BF-9968-1E8D8FA89B4B}.Release|Any CPU.Build.0 = Release|Any CPU
	EndGlobalSection
	GlobalSection(SolutionProperties) = preSolution
		HideSolutionNode = FALSE
	EndGlobalSection
	GlobalSection(ExtensibilityGlobals) = postSolution
		SolutionGuid = {07C531EE-B4F1-4C5C-AB0A-58959EC4A486}
	EndGlobalSection
EndGlobal
